
Microsoft Visual Studio Solution File, Format Version 12.00
# Visual Studio Version 16
VisualStudioVersion = 16.0.33529.622
MinimumVisualStudioVersion = 10.0.40219.1
Project("{FAE04EC0-301F-11D3-BF4B-00C04F79EFBC}") = "scert_upMVC", "scert_upMVC\scert_upMVC.csproj", "{42409B44-4CFC-48E1-BD27-F64E903A4B7A}"
EndProject
Global
	GlobalSection(SolutionConfigurationPlatforms) = preSolution
		Debug|Any CPU = Debug|Any CPU
		Release|Any CPU = Release|Any CPU
	EndGlobalSection
	GlobalSection(ProjectConfigurationPlatforms) = postSolution
		{42409B44-4CFC-48E1-BD27-F64E903A4B7A}.Debug|Any CPU.ActiveCfg = Debug|Any CPU
		{42409B44-4CFC-48E1-BD27-F64E903A4B7A}.Debug|Any CPU.Build.0 = Debug|Any CPU
		{42409B44-4CFC-48E1-BD27-F64E903A4B7A}.Release|Any CPU.ActiveCfg = Release|Any CPU
		{42409B44-4CFC-48E1-BD27-F64E903A4B7A}.Release|Any CPU.Build.0 = Release|Any CPU
	EndGlobalSection
	GlobalSection(SolutionProperties) = preSolution
		HideSolutionNode = FALSE
	EndGlobalSection
	GlobalSection(ExtensibilityGlobals) = postSolution
		SolutionGuid = {655BD192-66AC-42E2-B24A-2ECEE7E9E8DC}
	EndGlobalSection
EndGlobal
